
Microsoft Visual Studio Solution File, Format Version 12.00
# Visual Studio Version 17
VisualStudioVersion = 17.13.35825.156 d17.13
MinimumVisualStudioVersion = 10.0.40219.1
Project("{FAE04EC0-301F-11D3-BF4B-00C04F79EFBC}") = "Etiquetado_Notificaciones", "Etiquetado_Notificaciones\Etiquetado_Notificaciones.csproj", "{3FAA683A-CFD4-4AD4-ACC6-15F6B3D60FD6}"
EndProject
Global
	GlobalSection(SolutionConfigurationPlatforms) = preSolution
		Debug|Any CPU = Debug|Any CPU
		Release|Any CPU = Release|Any CPU
	EndGlobalSection
	GlobalSection(ProjectConfigurationPlatforms) = postSolution
		{3FAA683A-CFD4-4AD4-ACC6-15F6B3D60FD6}.Debug|Any CPU.ActiveCfg = Debug|Any CPU
		{3FAA683A-CFD4-4AD4-ACC6-15F6B3D60FD6}.Debug|Any CPU.Build.0 = Debug|Any CPU
		{3FAA683A-CFD4-4AD4-ACC6-15F6B3D60FD6}.Release|Any CPU.ActiveCfg = Release|Any CPU
		{3FAA683A-CFD4-4AD4-ACC6-15F6B3D60FD6}.Release|Any CPU.Build.0 = Release|Any CPU
	EndGlobalSection
	GlobalSection(SolutionProperties) = preSolution
		HideSolutionNode = FALSE
	EndGlobalSection
	GlobalSection(ExtensibilityGlobals) = postSolution
		SolutionGuid = {C7B0DBAD-794E-440D-871C-28FF8DD8D322}
	EndGlobalSection
EndGlobal
